<?xml version="1.0" encoding="UTF-8" standalone="yes" ?>
<CodeBlocks_project_file>
	<FileVersion major="1" minor="6" />
	<Project>
		<Option title="transport-mangement-system" />
		<Option pch_mode="2" />
		<Option compiler="gcc" />
		<Build>
			<Target title="Debug">
				<Option output="bin/Debug/transport-mangement-system" prefix_auto="1" extension_auto="1" />
				<Option object_output="obj/Debug/" />
				<Option type="1" />
				<Option compiler="gcc" />
				<Compiler>
					<Add option="-g" />
				</Compiler>
			</Target>
			<Target title="Release">
				<Option output="bin/Release/transport-mangement-system" prefix_auto="1" extension_auto="1" />
				<Option object_output="obj/Release/" />
				<Option type="1" />
				<Option compiler="gcc" />
				<Compiler>
					<Add option="-O2" />
				</Compiler>
				<Linker>
					<Add option="-s" />
				</Linker>
			</Target>
		</Build>
		<Compiler>
			<Add option="-Wall" />
			<Add option="-fexceptions" />
		</Compiler>
		<Unit filename="include/Aerial.h" />
		<Unit filename="include/Buses.h" />
		<Unit filename="include/Cars.h" />
		<Unit filename="include/Date.h" />
		<Unit filename="include/Goods.h" />
		<Unit filename="include/Header.h" />
		<Unit filename="include/JOURNEY.H" />
		<Unit filename="include/LinkedList.h" />
		<Unit filename="include/Passengers.h" />
		<Unit filename="include/Transport.h" />
		<Unit filename="include/Trucks.h" />
		<Unit filename="include/Wilderness.h" />
		<Unit filename="include/book_record.h" />
		<Unit filename="include/checking.h" />
		<Unit filename="main.cpp" />
		<Extensions>
			<lib_finder disable_auto="1" />
		</Extensions>
	</Project>
</CodeBlocks_project_file>
